// !$*UTF8*$!
{
	archiveVersion = 1;
	classes = {
	};
	objectVersion = 50;
	objects = {

/* Begin PBXBuildFile section */
		A157BADA7D4131C3F978AADD /* Pods_Go2Rad.framework in Frameworks */ = {isa = PBXBuildFile; fileRef = 3BB9F1B7EBC07CE9E1EA66BC /* Pods_Go2Rad.framework */; };
		F6439B402212039A00F931C6 /* AppDelegate.swift in Sources */ = {isa = PBXBuildFile; fileRef = F6439B3F2212039A00F931C6 /* AppDelegate.swift */; };
		F6439B422212039A00F931C6 /* ViewController.swift in Sources */ = {isa = PBXBuildFile; fileRef = F6439B412212039A00F931C6 /* ViewController.swift */; };
		F6439B452212039A00F931C6 /* Main.storyboard in Resources */ = {isa = PBXBuildFile; fileRef = F6439B432212039A00F931C6 /* Main.storyboard */; };
		F6439B47221203AC00F931C6 /* Assets.xcassets in Resources */ = {isa = PBXBuildFile; fileRef = F6439B46221203AC00F931C6 /* Assets.xcassets */; };
		F6439B4A221203AC00F931C6 /* LaunchScreen.storyboard in Resources */ = {isa = PBXBuildFile; fileRef = F6439B48221203AC00F931C6 /* LaunchScreen.storyboard */; };
		F6439B55221203AD00F931C6 /* Go2RadTests.swift in Sources */ = {isa = PBXBuildFile; fileRef = F6439B54221203AD00F931C6 /* Go2RadTests.swift */; };
		F6439B60221203AD00F931C6 /* Go2RadUITests.swift in Sources */ = {isa = PBXBuildFile; fileRef = F6439B5F221203AD00F931C6 /* Go2RadUITests.swift */; };
		F6439B6E22120A9F00F931C6 /* LoginViewController.swift in Sources */ = {isa = PBXBuildFile; fileRef = F6439B6D22120A9F00F931C6 /* LoginViewController.swift */; };
		F6439BC8221225EC00F931C6 /* YoshikoTextField.swift in Sources */ = {isa = PBXBuildFile; fileRef = F6439BBC221225EC00F931C6 /* YoshikoTextField.swift */; };
		F6439BC9221225EC00F931C6 /* HoshiTextField.swift in Sources */ = {isa = PBXBuildFile; fileRef = F6439BBE221225EC00F931C6 /* HoshiTextField.swift */; };
		F6439BCA221225EC00F931C6 /* MinoruTextField.swift in Sources */ = {isa = PBXBuildFile; fileRef = F6439BBF221225EC00F931C6 /* MinoruTextField.swift */; };
		F6439BCB221225EC00F931C6 /* YokoTextField.swift in Sources */ = {isa = PBXBuildFile; fileRef = F6439BC0221225EC00F931C6 /* YokoTextField.swift */; };
		F6439BCC221225EC00F931C6 /* TextFieldEffects.swift in Sources */ = {isa = PBXBuildFile; fileRef = F6439BC1221225EC00F931C6 /* TextFieldEffects.swift */; };
		F6439BCD221225EC00F931C6 /* JiroTextField.swift in Sources */ = {isa = PBXBuildFile; fileRef = F6439BC2221225EC00F931C6 /* JiroTextField.swift */; };
		F6439BCE221225EC00F931C6 /* MadokaTextField.swift in Sources */ = {isa = PBXBuildFile; fileRef = F6439BC3221225EC00F931C6 /* MadokaTextField.swift */; };
		F6439BCF221225EC00F931C6 /* KaedeTextField.swift in Sources */ = {isa = PBXBuildFile; fileRef = F6439BC4221225EC00F931C6 /* KaedeTextField.swift */; };
		F6439BD0221225EC00F931C6 /* AkiraTextField.swift in Sources */ = {isa = PBXBuildFile; fileRef = F6439BC5221225EC00F931C6 /* AkiraTextField.swift */; };
		F6439BD1221225EC00F931C6 /* IsaoTextField.swift in Sources */ = {isa = PBXBuildFile; fileRef = F6439BC6221225EC00F931C6 /* IsaoTextField.swift */; };
		F6439BD2221225EC00F931C6 /* Info.plist in Resources */ = {isa = PBXBuildFile; fileRef = F6439BC7221225EC00F931C6 /* Info.plist */; };
		F6439BD4221234A500F931C6 /* GoogleService-Info.plist in Resources */ = {isa = PBXBuildFile; fileRef = F6439BD3221234A500F931C6 /* GoogleService-Info.plist */; };
		F6439BD622123B8000F931C6 /* HomeViewController.swift in Sources */ = {isa = PBXBuildFile; fileRef = F6439BD522123B8000F931C6 /* HomeViewController.swift */; };
/* End PBXBuildFile section */

/* Begin PBXContainerItemProxy section */
		F6439B51221203AD00F931C6 /* PBXContainerItemProxy */ = {
			isa = PBXContainerItemProxy;
			containerPortal = F6439B342212039A00F931C6 /* Project object */;
			proxyType = 1;
			remoteGlobalIDString = F6439B3B2212039A00F931C6;
			remoteInfo = Go2Rad;
		};
		F6439B5C221203AD00F931C6 /* PBXContainerItemProxy */ = {
			isa = PBXContainerItemProxy;
			containerPortal = F6439B342212039A00F931C6 /* Project object */;
			proxyType = 1;
			remoteGlobalIDString = F6439B3B2212039A00F931C6;
			remoteInfo = Go2Rad;
		};
/* End PBXContainerItemProxy section */

/* Begin PBXFileReference section */
		3BB9F1B7EBC07CE9E1EA66BC /* Pods_Go2Rad.framework */ = {isa = PBXFileReference; explicitFileType = wrapper.framework; includeInIndex = 0; path = Pods_Go2Rad.framework; sourceTree = BUILT_PRODUCTS_DIR; };
		53F22B0E4AD6F4D516E1B617 /* Pods-Go2Rad.debug.xcconfig */ = {isa = PBXFileReference; includeInIndex = 1; lastKnownFileType = text.xcconfig; name = "Pods-Go2Rad.debug.xcconfig"; path = "Target Support Files/Pods-Go2Rad/Pods-Go2Rad.debug.xcconfig"; sourceTree = "<group>"; };
		ACF89D5F2BCCA97961680729 /* Pods-Go2Rad.release.xcconfig */ = {isa = PBXFileReference; includeInIndex = 1; lastKnownFileType = text.xcconfig; name = "Pods-Go2Rad.release.xcconfig"; path = "Target Support Files/Pods-Go2Rad/Pods-Go2Rad.release.xcconfig"; sourceTree = "<group>"; };
		F6439B3C2212039A00F931C6 /* Go2Rad.app */ = {isa = PBXFileReference; explicitFileType = wrapper.application; includeInIndex = 0; path = Go2Rad.app; sourceTree = BUILT_PRODUCTS_DIR; };
		F6439B3F2212039A00F931C6 /* AppDelegate.swift */ = {isa = PBXFileReference; lastKnownFileType = sourcecode.swift; path = AppDelegate.swift; sourceTree = "<group>"; };
		F6439B412212039A00F931C6 /* ViewController.swift */ = {isa = PBXFileReference; lastKnownFileType = sourcecode.swift; path = ViewController.swift; sourceTree = "<group>"; };
		F6439B442212039A00F931C6 /* Base */ = {isa = PBXFileReference; lastKnownFileType = file.storyboard; name = Base; path = Base.lproj/Main.storyboard; sourceTree = "<group>"; };
		F6439B46221203AC00F931C6 /* Assets.xcassets */ = {isa = PBXFileReference; lastKnownFileType = folder.assetcatalog; path = Assets.xcassets; sourceTree = "<group>"; };
		F6439B49221203AC00F931C6 /* Base */ = {isa = PBXFileReference; lastKnownFileType = file.storyboard; name = Base; path = Base.lproj/LaunchScreen.storyboard; sourceTree = "<group>"; };
		F6439B4B221203AD00F931C6 /* Info.plist */ = {isa = PBXFileReference; lastKnownFileType = text.plist.xml; path = Info.plist; sourceTree = "<group>"; };
		F6439B50221203AD00F931C6 /* Go2RadTests.xctest */ = {isa = PBXFileReference; explicitFileType = wrapper.cfbundle; includeInIndex = 0; path = Go2RadTests.xctest; sourceTree = BUILT_PRODUCTS_DIR; };
		F6439B54221203AD00F931C6 /* Go2RadTests.swift */ = {isa = PBXFileReference; lastKnownFileType = sourcecode.swift; path = Go2RadTests.swift; sourceTree = "<group>"; };
		F6439B56221203AD00F931C6 /* Info.plist */ = {isa = PBXFileReference; lastKnownFileType = text.plist.xml; path = Info.plist; sourceTree = "<group>"; };
		F6439B5B221203AD00F931C6 /* Go2RadUITests.xctest */ = {isa = PBXFileReference; explicitFileType = wrapper.cfbundle; includeInIndex = 0; path = Go2RadUITests.xctest; sourceTree = BUILT_PRODUCTS_DIR; };
		F6439B5F221203AD00F931C6 /* Go2RadUITests.swift */ = {isa = PBXFileReference; lastKnownFileType = sourcecode.swift; path = Go2RadUITests.swift; sourceTree = "<group>"; };
		F6439B61221203AD00F931C6 /* Info.plist */ = {isa = PBXFileReference; lastKnownFileType = text.plist.xml; path = Info.plist; sourceTree = "<group>"; };
		F6439B6D22120A9F00F931C6 /* LoginViewController.swift */ = {isa = PBXFileReference; lastKnownFileType = sourcecode.swift; path = LoginViewController.swift; sourceTree = "<group>"; };
		F6439BBC221225EC00F931C6 /* YoshikoTextField.swift */ = {isa = PBXFileReference; fileEncoding = 4; lastKnownFileType = sourcecode.swift; path = YoshikoTextField.swift; sourceTree = "<group>"; };
		F6439BBD221225EC00F931C6 /* TextFieldEffects.h */ = {isa = PBXFileReference; fileEncoding = 4; lastKnownFileType = sourcecode.c.h; path = TextFieldEffects.h; sourceTree = "<group>"; };
		F6439BBE221225EC00F931C6 /* HoshiTextField.swift */ = {isa = PBXFileReference; fileEncoding = 4; lastKnownFileType = sourcecode.swift; path = HoshiTextField.swift; sourceTree = "<group>"; };
		F6439BBF221225EC00F931C6 /* MinoruTextField.swift */ = {isa = PBXFileReference; fileEncoding = 4; lastKnownFileType = sourcecode.swift; path = MinoruTextField.swift; sourceTree = "<group>"; };
		F6439BC0221225EC00F931C6 /* YokoTextField.swift */ = {isa = PBXFileReference; fileEncoding = 4; lastKnownFileType = sourcecode.swift; path = YokoTextField.swift; sourceTree = "<group>"; };
		F6439BC1221225EC00F931C6 /* TextFieldEffects.swift */ = {isa = PBXFileReference; fileEncoding = 4; lastKnownFileType = sourcecode.swift; path = TextFieldEffects.swift; sourceTree = "<group>"; };
		F6439BC2221225EC00F931C6 /* JiroTextField.swift */ = {isa = PBXFileReference; fileEncoding = 4; lastKnownFileType = sourcecode.swift; path = JiroTextField.swift; sourceTree = "<group>"; };
		F6439BC3221225EC00F931C6 /* MadokaTextField.swift */ = {isa = PBXFileReference; fileEncoding = 4; lastKnownFileType = sourcecode.swift; path = MadokaTextField.swift; sourceTree = "<group>"; };
		F6439BC4221225EC00F931C6 /* KaedeTextField.swift */ = {isa = PBXFileReference; fileEncoding = 4; lastKnownFileType = sourcecode.swift; path = KaedeTextField.swift; sourceTree = "<group>"; };
		F6439BC5221225EC00F931C6 /* AkiraTextField.swift */ = {isa = PBXFileReference; fileEncoding = 4; lastKnownFileType = sourcecode.swift; path = AkiraTextField.swift; sourceTree = "<group>"; };
		F6439BC6221225EC00F931C6 /* IsaoTextField.swift */ = {isa = PBXFileReference; fileEncoding = 4; lastKnownFileType = sourcecode.swift; path = IsaoTextField.swift; sourceTree = "<group>"; };
		F6439BC7221225EC00F931C6 /* Info.plist */ = {isa = PBXFileReference; fileEncoding = 4; lastKnownFileType = text.plist.xml; path = Info.plist; sourceTree = "<group>"; };
		F6439BD3221234A500F931C6 /* GoogleService-Info.plist */ = {isa = PBXFileReference; fileEncoding = 4; lastKnownFileType = text.plist.xml; path = "GoogleService-Info.plist"; sourceTree = "<group>"; };
		F6439BD522123B8000F931C6 /* HomeViewController.swift */ = {isa = PBXFileReference; lastKnownFileType = sourcecode.swift; path = HomeViewController.swift; sourceTree = "<group>"; };
/* End PBXFileReference section */

/* Begin PBXFrameworksBuildPhase section */
		F6439B392212039A00F931C6 /* Frameworks */ = {
			isa = PBXFrameworksBuildPhase;
			buildActionMask = 2147483647;
			files = (
				A157BADA7D4131C3F978AADD /* Pods_Go2Rad.framework in Frameworks */,
			);
			runOnlyForDeploymentPostprocessing = 0;
		};
		F6439B4D221203AD00F931C6 /* Frameworks */ = {
			isa = PBXFrameworksBuildPhase;
			buildActionMask = 2147483647;
			files = (
			);
			runOnlyForDeploymentPostprocessing = 0;
		};
		F6439B58221203AD00F931C6 /* Frameworks */ = {
			isa = PBXFrameworksBuildPhase;
			buildActionMask = 2147483647;
			files = (
			);
			runOnlyForDeploymentPostprocessing = 0;
		};
/* End PBXFrameworksBuildPhase section */

/* Begin PBXGroup section */
		4555CF5029C7EB178F5A4F07 /* Pods */ = {
			isa = PBXGroup;
			children = (
				53F22B0E4AD6F4D516E1B617 /* Pods-Go2Rad.debug.xcconfig */,
				ACF89D5F2BCCA97961680729 /* Pods-Go2Rad.release.xcconfig */,
			);
			path = Pods;
			sourceTree = "<group>";
		};
		EF350D80061933EE1C9FBE69 /* Frameworks */ = {
			isa = PBXGroup;
			children = (
				3BB9F1B7EBC07CE9E1EA66BC /* Pods_Go2Rad.framework */,
			);
			name = Frameworks;
			sourceTree = "<group>";
		};
		F6439B332212039A00F931C6 = {
			isa = PBXGroup;
			children = (
				F6439B3E2212039A00F931C6 /* Go2Rad */,
				F6439B53221203AD00F931C6 /* Go2RadTests */,
				F6439B5E221203AD00F931C6 /* Go2RadUITests */,
				F6439B3D2212039A00F931C6 /* Products */,
				4555CF5029C7EB178F5A4F07 /* Pods */,
				EF350D80061933EE1C9FBE69 /* Frameworks */,
			);
			sourceTree = "<group>";
		};
		F6439B3D2212039A00F931C6 /* Products */ = {
			isa = PBXGroup;
			children = (
				F6439B3C2212039A00F931C6 /* Go2Rad.app */,
				F6439B50221203AD00F931C6 /* Go2RadTests.xctest */,
				F6439B5B221203AD00F931C6 /* Go2RadUITests.xctest */,
			);
			name = Products;
			sourceTree = "<group>";
		};
		F6439B3E2212039A00F931C6 /* Go2Rad */ = {
			isa = PBXGroup;
			children = (
				F6439B3F2212039A00F931C6 /* AppDelegate.swift */,
				F6439B412212039A00F931C6 /* ViewController.swift */,
				F6439B6D22120A9F00F931C6 /* LoginViewController.swift */,
				F6439BD522123B8000F931C6 /* HomeViewController.swift */,
				F6439B432212039A00F931C6 /* Main.storyboard */,
				F6439B46221203AC00F931C6 /* Assets.xcassets */,
				F6439B48221203AC00F931C6 /* LaunchScreen.storyboard */,
				F6439BBB221225EC00F931C6 /* TextFieldEffects */,
				F6439B4B221203AD00F931C6 /* Info.plist */,
				F6439BD3221234A500F931C6 /* GoogleService-Info.plist */,
			);
			path = Go2Rad;
			sourceTree = "<group>";
		};
		F6439B53221203AD00F931C6 /* Go2RadTests */ = {
			isa = PBXGroup;
			children = (
				F6439B54221203AD00F931C6 /* Go2RadTests.swift */,
				F6439B56221203AD00F931C6 /* Info.plist */,
			);
			path = Go2RadTests;
			sourceTree = "<group>";
		};
		F6439B5E221203AD00F931C6 /* Go2RadUITests */ = {
			isa = PBXGroup;
			children = (
				F6439B5F221203AD00F931C6 /* Go2RadUITests.swift */,
				F6439B61221203AD00F931C6 /* Info.plist */,
			);
			path = Go2RadUITests;
			sourceTree = "<group>";
		};
		F6439BBB221225EC00F931C6 /* TextFieldEffects */ = {
			isa = PBXGroup;
			children = (
				F6439BBC221225EC00F931C6 /* YoshikoTextField.swift */,
				F6439BBD221225EC00F931C6 /* TextFieldEffects.h */,
				F6439BBE221225EC00F931C6 /* HoshiTextField.swift */,
				F6439BBF221225EC00F931C6 /* MinoruTextField.swift */,
				F6439BC0221225EC00F931C6 /* YokoTextField.swift */,
				F6439BC1221225EC00F931C6 /* TextFieldEffects.swift */,
				F6439BC2221225EC00F931C6 /* JiroTextField.swift */,
				F6439BC3221225EC00F931C6 /* MadokaTextField.swift */,
				F6439BC4221225EC00F931C6 /* KaedeTextField.swift */,
				F6439BC5221225EC00F931C6 /* AkiraTextField.swift */,
				F6439BC6221225EC00F931C6 /* IsaoTextField.swift */,
				F6439BC7221225EC00F931C6 /* Info.plist */,
			);
			name = TextFieldEffects;
			path = "../../../Downloads/TextFieldEffects-master/TextFieldEffects/TextFieldEffects";
			sourceTree = "<group>";
		};
/* End PBXGroup section */

/* Begin PBXNativeTarget section */
		F6439B3B2212039A00F931C6 /* Go2Rad */ = {
			isa = PBXNativeTarget;
			buildConfigurationList = F6439B64221203AD00F931C6 /* Build configuration list for PBXNativeTarget "Go2Rad" */;
			buildPhases = (
				AC6157F821E6FAEB75E0BCB9 /* [CP] Check Pods Manifest.lock */,
				F6439B382212039A00F931C6 /* Sources */,
				F6439B392212039A00F931C6 /* Frameworks */,
				F6439B3A2212039A00F931C6 /* Resources */,
				8D4949A40906FC0CDC4FFAB4 /* [CP] Embed Pods Frameworks */,
			);
			buildRules = (
			);
			dependencies = (
			);
			name = Go2Rad;
			productName = Go2Rad;
			productReference = F6439B3C2212039A00F931C6 /* Go2Rad.app */;
			productType = "com.apple.product-type.application";
		};
		F6439B4F221203AD00F931C6 /* Go2RadTests */ = {
			isa = PBXNativeTarget;
			buildConfigurationList = F6439B67221203AD00F931C6 /* Build configuration list for PBXNativeTarget "Go2RadTests" */;
			buildPhases = (
				F6439B4C221203AD00F931C6 /* Sources */,
				F6439B4D221203AD00F931C6 /* Frameworks */,
				F6439B4E221203AD00F931C6 /* Resources */,
			);
			buildRules = (
			);
			dependencies = (
				F6439B52221203AD00F931C6 /* PBXTargetDependency */,
			);
			name = Go2RadTests;
			productName = Go2RadTests;
			productReference = F6439B50221203AD00F931C6 /* Go2RadTests.xctest */;
			productType = "com.apple.product-type.bundle.unit-test";
		};
		F6439B5A221203AD00F931C6 /* Go2RadUITests */ = {
			isa = PBXNativeTarget;
			buildConfigurationList = F6439B6A221203AD00F931C6 /* Build configuration list for PBXNativeTarget "Go2RadUITests" */;
			buildPhases = (
				F6439B57221203AD00F931C6 /* Sources */,
				F6439B58221203AD00F931C6 /* Frameworks */,
				F6439B59221203AD00F931C6 /* Resources */,
			);
			buildRules = (
			);
			dependencies = (
				F6439B5D221203AD00F931C6 /* PBXTargetDependency */,
			);
			name = Go2RadUITests;
			productName = Go2RadUITests;
			productReference = F6439B5B221203AD00F931C6 /* Go2RadUITests.xctest */;
			productType = "com.apple.product-type.bundle.ui-testing";
		};
/* End PBXNativeTarget section */

/* Begin PBXProject section */
		F6439B342212039A00F931C6 /* Project object */ = {
			isa = PBXProject;
			attributes = {
				LastSwiftUpdateCheck = 1010;
				LastUpgradeCheck = 1010;
				ORGANIZATIONNAME = Sonar;
				TargetAttributes = {
					F6439B3B2212039A00F931C6 = {
						CreatedOnToolsVersion = 10.1;
					};
					F6439B4F221203AD00F931C6 = {
						CreatedOnToolsVersion = 10.1;
						TestTargetID = F6439B3B2212039A00F931C6;
					};
					F6439B5A221203AD00F931C6 = {
						CreatedOnToolsVersion = 10.1;
						TestTargetID = F6439B3B2212039A00F931C6;
					};
				};
			};
			buildConfigurationList = F6439B372212039A00F931C6 /* Build configuration list for PBXProject "Go2Rad" */;
			compatibilityVersion = "Xcode 9.3";
			developmentRegion = en;
			hasScannedForEncodings = 0;
			knownRegions = (
				en,
				Base,
			);
			mainGroup = F6439B332212039A00F931C6;
			productRefGroup = F6439B3D2212039A00F931C6 /* Products */;
			projectDirPath = "";
			projectRoot = "";
			targets = (
				F6439B3B2212039A00F931C6 /* Go2Rad */,
				F6439B4F221203AD00F931C6 /* Go2RadTests */,
				F6439B5A221203AD00F931C6 /* Go2RadUITests */,
			);
		};
/* End PBXProject section */

/* Begin PBXResourcesBuildPhase section */
		F6439B3A2212039A00F931C6 /* Resources */ = {
			isa = PBXResourcesBuildPhase;
			buildActionMask = 2147483647;
			files = (
				F6439BD2221225EC00F931C6 /* Info.plist in Resources */,
				F6439B4A221203AC00F931C6 /* LaunchScreen.storyboard in Resources */,
				F6439BD4221234A500F931C6 /* GoogleService-Info.plist in Resources */,
				F6439B47221203AC00F931C6 /* Assets.xcassets in Resources */,
				F6439B452212039A00F931C6 /* Main.storyboard in Resources */,
			);
			runOnlyForDeploymentPostprocessing = 0;
		};
		F6439B4E221203AD00F931C6 /* Resources */ = {
			isa = PBXResourcesBuildPhase;
			buildActionMask = 2147483647;
			files = (
			);
			runOnlyForDeploymentPostprocessing = 0;
		};
		F6439B59221203AD00F931C6 /* Resources */ = {
			isa = PBXResourcesBuildPhase;
			buildActionMask = 2147483647;
			files = (
			);
			runOnlyForDeploymentPostprocessing = 0;
		};
/* End PBXResourcesBuildPhase section */

/* Begin PBXShellScriptBuildPhase section */
		8D4949A40906FC0CDC4FFAB4 /* [CP] Embed Pods Frameworks */ = {
			isa = PBXShellScriptBuildPhase;
			buildActionMask = 2147483647;
			files = (
			);
			inputFileListPaths = (
			);
			inputPaths = (
				"${PODS_ROOT}/Target Support Files/Pods-Go2Rad/Pods-Go2Rad-frameworks.sh",
				"${BUILT_PRODUCTS_DIR}/DynamicBlurView/DynamicBlurView.framework",
				"${BUILT_PRODUCTS_DIR}/GTMSessionFetcher/GTMSessionFetcher.framework",
				"${BUILT_PRODUCTS_DIR}/GoogleUtilities/GoogleUtilities.framework",
				"${BUILT_PRODUCTS_DIR}/PopupDialog/PopupDialog.framework",
				"${BUILT_PRODUCTS_DIR}/SDWebImage/SDWebImage.framework",
				"${BUILT_PRODUCTS_DIR}/leveldb-library/leveldb.framework",
				"${BUILT_PRODUCTS_DIR}/nanopb/nanopb.framework",
			);
			name = "[CP] Embed Pods Frameworks";
			outputFileListPaths = (
			);
			outputPaths = (
				"${TARGET_BUILD_DIR}/${FRAMEWORKS_FOLDER_PATH}/DynamicBlurView.framework",
				"${TARGET_BUILD_DIR}/${FRAMEWORKS_FOLDER_PATH}/GTMSessionFetcher.framework",
				"${TARGET_BUILD_DIR}/${FRAMEWORKS_FOLDER_PATH}/GoogleUtilities.framework",
				"${TARGET_BUILD_DIR}/${FRAMEWORKS_FOLDER_PATH}/PopupDialog.framework",
				"${TARGET_BUILD_DIR}/${FRAMEWORKS_FOLDER_PATH}/SDWebImage.framework",
				"${TARGET_BUILD_DIR}/${FRAMEWORKS_FOLDER_PATH}/leveldb.framework",
				"${TARGET_BUILD_DIR}/${FRAMEWORKS_FOLDER_PATH}/nanopb.framework",
			);
			runOnlyForDeploymentPostprocessing = 0;
			shellPath = /bin/sh;
			shellScript = "\"${PODS_ROOT}/Target Support Files/Pods-Go2Rad/Pods-Go2Rad-frameworks.sh\"\n";
			showEnvVarsInLog = 0;
		};
		AC6157F821E6FAEB75E0BCB9 /* [CP] Check Pods Manifest.lock */ = {
			isa = PBXShellScriptBuildPhase;
			buildActionMask = 2147483647;
			files = (
			);
			inputFileListPaths = (
			);
			inputPaths = (
				"${PODS_PODFILE_DIR_PATH}/Podfile.lock",
				"${PODS_ROOT}/Manifest.lock",
			);
			name = "[CP] Check Pods Manifest.lock";
			outputFileListPaths = (
			);
			outputPaths = (
				"$(DERIVED_FILE_DIR)/Pods-Go2Rad-checkManifestLockResult.txt",
			);
			runOnlyForDeploymentPostprocessing = 0;
			shellPath = /bin/sh;
			shellScript = "diff \"${PODS_PODFILE_DIR_PATH}/Podfile.lock\" \"${PODS_ROOT}/Manifest.lock\" > /dev/null\nif [ $? != 0 ] ; then\n    # print error to STDERR\n    echo \"error: The sandbox is not in sync with the Podfile.lock. Run 'pod install' or update your CocoaPods installation.\" >&2\n    exit 1\nfi\n# This output is used by Xcode 'outputs' to avoid re-running this script phase.\necho \"SUCCESS\" > \"${SCRIPT_OUTPUT_FILE_0}\"\n";
			showEnvVarsInLog = 0;
		};
/* End PBXShellScriptBuildPhase section */

/* Begin PBXSourcesBuildPhase section */
		F6439B382212039A00F931C6 /* Sources */ = {
			isa = PBXSourcesBuildPhase;
			buildActionMask = 2147483647;
			files = (
				F6439BD0221225EC00F931C6 /* AkiraTextField.swift in Sources */,
				F6439BCE221225EC00F931C6 /* MadokaTextField.swift in Sources */,
				F6439BCB221225EC00F931C6 /* YokoTextField.swift in Sources */,
				F6439BCF221225EC00F931C6 /* KaedeTextField.swift in Sources */,
				F6439BC8221225EC00F931C6 /* YoshikoTextField.swift in Sources */,
				F6439BD622123B8000F931C6 /* HomeViewController.swift in Sources */,
				F6439BCD221225EC00F931C6 /* JiroTextField.swift in Sources */,
				F6439BCC221225EC00F931C6 /* TextFieldEffects.swift in Sources */,
				F6439B6E22120A9F00F931C6 /* LoginViewController.swift in Sources */,
				F6439BD1221225EC00F931C6 /* IsaoTextField.swift in Sources */,
				F6439B422212039A00F931C6 /* ViewController.swift in Sources */,
				F6439B402212039A00F931C6 /* AppDelegate.swift in Sources */,
				F6439BC9221225EC00F931C6 /* HoshiTextField.swift in Sources */,
				F6439BCA221225EC00F931C6 /* MinoruTextField.swift in Sources */,
			);
			runOnlyForDeploymentPostprocessing = 0;
		};
		F6439B4C221203AD00F931C6 /* Sources */ = {
			isa = PBXSourcesBuildPhase;
			buildActionMask = 2147483647;
			files = (
				F6439B55221203AD00F931C6 /* Go2RadTests.swift in Sources */,
			);
			runOnlyForDeploymentPostprocessing = 0;
		};
		F6439B57221203AD00F931C6 /* Sources */ = {
			isa = PBXSourcesBuildPhase;
			buildActionMask = 2147483647;
			files = (
				F6439B60221203AD00F931C6 /* Go2RadUITests.swift in Sources */,
			);
			runOnlyForDeploymentPostprocessing = 0;
		};
/* End PBXSourcesBuildPhase section */

/* Begin PBXTargetDependency section */
		F6439B52221203AD00F931C6 /* PBXTargetDependency */ = {
			isa = PBXTargetDependency;
			target = F6439B3B2212039A00F931C6 /* Go2Rad */;
			targetProxy = F6439B51221203AD00F931C6 /* PBXContainerItemProxy */;
		};
		F6439B5D221203AD00F931C6 /* PBXTargetDependency */ = {
			isa = PBXTargetDependency;
			target = F6439B3B2212039A00F931C6 /* Go2Rad */;
			targetProxy = F6439B5C221203AD00F931C6 /* PBXContainerItemProxy */;
		};
/* End PBXTargetDependency section */

/* Begin PBXVariantGroup section */
		F6439B432212039A00F931C6 /* Main.storyboard */ = {
			isa = PBXVariantGroup;
			children = (
				F6439B442212039A00F931C6 /* Base */,
			);
			name = Main.storyboard;
			sourceTree = "<group>";
		};
		F6439B48221203AC00F931C6 /* LaunchScreen.storyboard */ = {
			isa = PBXVariantGroup;
			children = (
				F6439B49221203AC00F931C6 /* Base */,
			);
			name = LaunchScreen.storyboard;
			sourceTree = "<group>";
		};
/* End PBXVariantGroup section */

/* Begin XCBuildConfiguration section */
		F6439B62221203AD00F931C6 /* Debug */ = {
			isa = XCBuildConfiguration;
			buildSettings = {
				ALWAYS_SEARCH_USER_PATHS = NO;
				CLANG_ANALYZER_NONNULL = YES;
				CLANG_ANALYZER_NUMBER_OBJECT_CONVERSION = YES_AGGRESSIVE;
				CLANG_CXX_LANGUAGE_STANDARD = "gnu++14";
				CLANG_CXX_LIBRARY = "libc++";
				CLANG_ENABLE_MODULES = YES;
				CLANG_ENABLE_OBJC_ARC = YES;
				CLANG_ENABLE_OBJC_WEAK = YES;
				CLANG_WARN_BLOCK_CAPTURE_AUTORELEASING = YES;
				CLANG_WARN_BOOL_CONVERSION = YES;
				CLANG_WARN_COMMA = YES;
				CLANG_WARN_CONSTANT_CONVERSION = YES;
				CLANG_WARN_DEPRECATED_OBJC_IMPLEMENTATIONS = YES;
				CLANG_WARN_DIRECT_OBJC_ISA_USAGE = YES_ERROR;
				CLANG_WARN_DOCUMENTATION_COMMENTS = YES;
				CLANG_WARN_EMPTY_BODY = YES;
				CLANG_WARN_ENUM_CONVERSION = YES;
				CLANG_WARN_INFINITE_RECURSION = YES;
				CLANG_WARN_INT_CONVERSION = YES;
				CLANG_WARN_NON_LITERAL_NULL_CONVERSION = YES;
				CLANG_WARN_OBJC_IMPLICIT_RETAIN_SELF = YES;
				CLANG_WARN_OBJC_LITERAL_CONVERSION = YES;
				CLANG_WARN_OBJC_ROOT_CLASS = YES_ERROR;
				CLANG_WARN_RANGE_LOOP_ANALYSIS = YES;
				CLANG_WARN_STRICT_PROTOTYPES = YES;
				CLANG_WARN_SUSPICIOUS_MOVE = YES;
				CLANG_WARN_UNGUARDED_AVAILABILITY = YES_AGGRESSIVE;
				CLANG_WARN_UNREACHABLE_CODE = YES;
				CLANG_WARN__DUPLICATE_METHOD_MATCH = YES;
				CODE_SIGN_IDENTITY = "iPhone Developer";
				COPY_PHASE_STRIP = NO;
				DEBUG_INFORMATION_FORMAT = dwarf;
				ENABLE_STRICT_OBJC_MSGSEND = YES;
				ENABLE_TESTABILITY = YES;
				GCC_C_LANGUAGE_STANDARD = gnu11;
				GCC_DYNAMIC_NO_PIC = NO;
				GCC_NO_COMMON_BLOCKS = YES;
				GCC_OPTIMIZATION_LEVEL = 0;
				GCC_PREPROCESSOR_DEFINITIONS = (
					"DEBUG=1",
					"$(inherited)",
				);
				GCC_WARN_64_TO_32_BIT_CONVERSION = YES;
				GCC_WARN_ABOUT_RETURN_TYPE = YES_ERROR;
				GCC_WARN_UNDECLARED_SELECTOR = YES;
				GCC_WARN_UNINITIALIZED_AUTOS = YES_AGGRESSIVE;
				GCC_WARN_UNUSED_FUNCTION = YES;
				GCC_WARN_UNUSED_VARIABLE = YES;
				IPHONEOS_DEPLOYMENT_TARGET = 12.1;
				MTL_ENABLE_DEBUG_INFO = INCLUDE_SOURCE;
				MTL_FAST_MATH = YES;
				ONLY_ACTIVE_ARCH = YES;
				SDKROOT = iphoneos;
				SWIFT_ACTIVE_COMPILATION_CONDITIONS = DEBUG;
				SWIFT_OPTIMIZATION_LEVEL = "-Onone";
			};
			name = Debug;
		};
		F6439B63221203AD00F931C6 /* Release */ = {
			isa = XCBuildConfiguration;
			buildSettings = {
				ALWAYS_SEARCH_USER_PATHS = NO;
				CLANG_ANALYZER_NONNULL = YES;
				CLANG_ANALYZER_NUMBER_OBJECT_CONVERSION = YES_AGGRESSIVE;
				CLANG_CXX_LANGUAGE_STANDARD = "gnu++14";
				CLANG_CXX_LIBRARY = "libc++";
				CLANG_ENABLE_MODULES = YES;
				CLANG_ENABLE_OBJC_ARC = YES;
				CLANG_ENABLE_OBJC_WEAK = YES;
				CLANG_WARN_BLOCK_CAPTURE_AUTORELEASING = YES;
				CLANG_WARN_BOOL_CONVERSION = YES;
				CLANG_WARN_COMMA = YES;
				CLANG_WARN_CONSTANT_CONVERSION = YES;
				CLANG_WARN_DEPRECATED_OBJC_IMPLEMENTATIONS = YES;
				CLANG_WARN_DIRECT_OBJC_ISA_USAGE = YES_ERROR;
				CLANG_WARN_DOCUMENTATION_COMMENTS = YES;
				CLANG_WARN_EMPTY_BODY = YES;
				CLANG_WARN_ENUM_CONVERSION = YES;
				CLANG_WARN_INFINITE_RECURSION = YES;
				CLANG_WARN_INT_CONVERSION = YES;
				CLANG_WARN_NON_LITERAL_NULL_CONVERSION = YES;
				CLANG_WARN_OBJC_IMPLICIT_RETAIN_SELF = YES;
				CLANG_WARN_OBJC_LITERAL_CONVERSION = YES;
				CLANG_WARN_OBJC_ROOT_CLASS = YES_ERROR;
				CLANG_WARN_RANGE_LOOP_ANALYSIS = YES;
				CLANG_WARN_STRICT_PROTOTYPES = YES;
				CLANG_WARN_SUSPICIOUS_MOVE = YES;
				CLANG_WARN_UNGUARDED_AVAILABILITY = YES_AGGRESSIVE;
				CLANG_WARN_UNREACHABLE_CODE = YES;
				CLANG_WARN__DUPLICATE_METHOD_MATCH = YES;
				CODE_SIGN_IDENTITY = "iPhone Developer";
				COPY_PHASE_STRIP = NO;
				DEBUG_INFORMATION_FORMAT = "dwarf-with-dsym";
				ENABLE_NS_ASSERTIONS = NO;
				ENABLE_STRICT_OBJC_MSGSEND = YES;
				GCC_C_LANGUAGE_STANDARD = gnu11;
				GCC_NO_COMMON_BLOCKS = YES;
				GCC_WARN_64_TO_32_BIT_CONVERSION = YES;
				GCC_WARN_ABOUT_RETURN_TYPE = YES_ERROR;
				GCC_WARN_UNDECLARED_SELECTOR = YES;
				GCC_WARN_UNINITIALIZED_AUTOS = YES_AGGRESSIVE;
				GCC_WARN_UNUSED_FUNCTION = YES;
				GCC_WARN_UNUSED_VARIABLE = YES;
				IPHONEOS_DEPLOYMENT_TARGET = 12.1;
				MTL_ENABLE_DEBUG_INFO = NO;
				MTL_FAST_MATH = YES;
				SDKROOT = iphoneos;
				SWIFT_COMPILATION_MODE = wholemodule;
				SWIFT_OPTIMIZATION_LEVEL = "-O";
				VALIDATE_PRODUCT = YES;
			};
			name = Release;
		};
		F6439B65221203AD00F931C6 /* Debug */ = {
			isa = XCBuildConfiguration;
			baseConfigurationReference = 53F22B0E4AD6F4D516E1B617 /* Pods-Go2Rad.debug.xcconfig */;
			buildSettings = {
				ASSETCATALOG_COMPILER_APPICON_NAME = AppIcon;
				CODE_SIGN_STYLE = Automatic;
				DEVELOPMENT_TEAM = 4SBFKEGD7C;
				INFOPLIST_FILE = Go2Rad/Info.plist;
				LD_RUNPATH_SEARCH_PATHS = (
					"$(inherited)",
					"@executable_path/Frameworks",
				);
				PRODUCT_BUNDLE_IDENTIFIER = sonargroup.Go2Rad;
				PRODUCT_NAME = "$(TARGET_NAME)";
				SWIFT_VERSION = 4.2;
				TARGETED_DEVICE_FAMILY = "1,2";
			};
			name = Debug;
		};
		F6439B66221203AD00F931C6 /* Release */ = {
			isa = XCBuildConfiguration;
			baseConfigurationReference = ACF89D5F2BCCA97961680729 /* Pods-Go2Rad.release.xcconfig */;
			buildSettings = {
				ASSETCATALOG_COMPILER_APPICON_NAME = AppIcon;
				CODE_SIGN_STYLE = Automatic;
				DEVELOPMENT_TEAM = 4SBFKEGD7C;
				INFOPLIST_FILE = Go2Rad/Info.plist;
				LD_RUNPATH_SEARCH_PATHS = (
					"$(inherited)",
					"@executable_path/Frameworks",
				);
				PRODUCT_BUNDLE_IDENTIFIER = sonargroup.Go2Rad;
				PRODUCT_NAME = "$(TARGET_NAME)";
				SWIFT_VERSION = 4.2;
				TARGETED_DEVICE_FAMILY = "1,2";
			};
			name = Release;
		};
		F6439B68221203AD00F931C6 /* Debug */ = {
			isa = XCBuildConfiguration;
			buildSettings = {
				ALWAYS_EMBED_SWIFT_STANDARD_LIBRARIES = YES;
				BUNDLE_LOADER = "$(TEST_HOST)";
				CODE_SIGN_STYLE = Automatic;
				DEVELOPMENT_TEAM = 4SBFKEGD7C;
				INFOPLIST_FILE = Go2RadTests/Info.plist;
				LD_RUNPATH_SEARCH_PATHS = (
					"$(inherited)",
					"@executable_path/Frameworks",
					"@loader_path/Frameworks",
				);
				PRODUCT_BUNDLE_IDENTIFIER = sonargroup.Go2RadTests;
				PRODUCT_NAME = "$(TARGET_NAME)";
				SWIFT_VERSION = 4.2;
				TARGETED_DEVICE_FAMILY = "1,2";
				TEST_HOST = "$(BUILT_PRODUCTS_DIR)/Go2Rad.app/Go2Rad";
			};
			name = Debug;
		};
		F6439B69221203AD00F931C6 /* Release */ = {
			isa = XCBuildConfiguration;
			buildSettings = {
				ALWAYS_EMBED_SWIFT_STANDARD_LIBRARIES = YES;
				BUNDLE_LOADER = "$(TEST_HOST)";
				CODE_SIGN_STYLE = Automatic;
				DEVELOPMENT_TEAM = 4SBFKEGD7C;
				INFOPLIST_FILE = Go2RadTests/Info.plist;
				LD_RUNPATH_SEARCH_PATHS = (
					"$(inherited)",
					"@executable_path/Frameworks",
					"@loader_path/Frameworks",
				);
				PRODUCT_BUNDLE_IDENTIFIER = sonargroup.Go2RadTests;
				PRODUCT_NAME = "$(TARGET_NAME)";
				SWIFT_VERSION = 4.2;
				TARGETED_DEVICE_FAMILY = "1,2";
				TEST_HOST = "$(BUILT_PRODUCTS_DIR)/Go2Rad.app/Go2Rad";
			};
			name = Release;
		};
		F6439B6B221203AD00F931C6 /* Debug */ = {
			isa = XCBuildConfiguration;
			buildSettings = {
				ALWAYS_EMBED_SWIFT_STANDARD_LIBRARIES = YES;
				CODE_SIGN_STYLE = Automatic;
				DEVELOPMENT_TEAM = 4SBFKEGD7C;
				INFOPLIST_FILE = Go2RadUITests/Info.plist;
				LD_RUNPATH_SEARCH_PATHS = (
					"$(inherited)",
					"@executable_path/Frameworks",
					"@loader_path/Frameworks",
				);
				PRODUCT_BUNDLE_IDENTIFIER = sonargroup.Go2RadUITests;
				PRODUCT_NAME = "$(TARGET_NAME)";
				SWIFT_VERSION = 4.2;
				TARGETED_DEVICE_FAMILY = "1,2";
				TEST_TARGET_NAME = Go2Rad;
			};
			name = Debug;
		};
		F6439B6C221203AD00F931C6 /* Release */ = {
			isa = XCBuildConfiguration;
			buildSettings = {
				ALWAYS_EMBED_SWIFT_STANDARD_LIBRARIES = YES;
				CODE_SIGN_STYLE = Automatic;
				DEVELOPMENT_TEAM = 4SBFKEGD7C;
				INFOPLIST_FILE = Go2RadUITests/Info.plist;
				LD_RUNPATH_SEARCH_PATHS = (
					"$(inherited)",
					"@executable_path/Frameworks",
					"@loader_path/Frameworks",
				);
				PRODUCT_BUNDLE_IDENTIFIER = sonargroup.Go2RadUITests;
				PRODUCT_NAME = "$(TARGET_NAME)";
				SWIFT_VERSION = 4.2;
				TARGETED_DEVICE_FAMILY = "1,2";
				TEST_TARGET_NAME = Go2Rad;
			};
			name = Release;
		};
/* End XCBuildConfiguration section */

/* Begin XCConfigurationList section */
		F6439B372212039A00F931C6 /* Build configuration list for PBXProject "Go2Rad" */ = {
			isa = XCConfigurationList;
			buildConfigurations = (
				F6439B62221203AD00F931C6 /* Debug */,
				F6439B63221203AD00F931C6 /* Release */,
			);
			defaultConfigurationIsVisible = 0;
			defaultConfigurationName = Release;
		};
		F6439B64221203AD00F931C6 /* Build configuration list for PBXNativeTarget "Go2Rad" */ = {
			isa = XCConfigurationList;
			buildConfigurations = (
				F6439B65221203AD00F931C6 /* Debug */,
				F6439B66221203AD00F931C6 /* Release */,
			);
			defaultConfigurationIsVisible = 0;
			defaultConfigurationName = Release;
		};
		F6439B67221203AD00F931C6 /* Build configuration list for PBXNativeTarget "Go2RadTests" */ = {
			isa = XCConfigurationList;
			buildConfigurations = (
				F6439B68221203AD00F931C6 /* Debug */,
				F6439B69221203AD00F931C6 /* Release */,
			);
			defaultConfigurationIsVisible = 0;
			defaultConfigurationName = Release;
		};
		F6439B6A221203AD00F931C6 /* Build configuration list for PBXNativeTarget "Go2RadUITests" */ = {
			isa = XCConfigurationList;
			buildConfigurations = (
				F6439B6B221203AD00F931C6 /* Debug */,
				F6439B6C221203AD00F931C6 /* Release */,
			);
			defaultConfigurationIsVisible = 0;
			defaultConfigurationName = Release;
		};
/* End XCConfigurationList section */
	};
	rootObject = F6439B342212039A00F931C6 /* Project object */;
}
